{
  "version": "4",
  "redirects": {
    "https://deno.land/x/regexbuilder/mod.ts": "https://deno.land/x/regexbuilder@1.6.3/mod.ts"
  },
  "remote": {
    "https://deno.land/x/regexbuilder@1.6.3/extended-regexp/extended_regexp.ts": "2e775ea6d7a2fbb3a51c28bc525aa54f8cec286caaa440d9f81d974880defb19",
    "https://deno.land/x/regexbuilder@1.6.3/mod.ts": "e8e4967adb82d65722d2c0f61522cfe52c3694bea4c1703835f7fbb41aee09c1",
    "https://deno.land/x/regexbuilder@1.6.3/pattern-data/interfaces.ts": "bd02c824b4ac9064fdb18a4cfbfef5a32407e00f7012ccc989225fec3ca8a6ab",
    "https://deno.land/x/regexbuilder@1.6.3/patternbuilder/pattern.ts": "bcfae204c1e97271e3a69f116ed127cc646dd68a16c51f5c02def2c9fbb6d666",
    "https://deno.land/x/regexbuilder@1.6.3/patternbuilder/patterncrafter.ts": "1250f02ada91a07ebf1c34f781b6b69e12a74a738218ef8df11044ee6a3dd27d",
    "https://deno.land/x/regexbuilder@1.6.3/regexbuilder/process_group_code.ts": "e1e76772e686158b2a19d97dccafa9e6e0009c3ebbd8a3f4cc1ce993b814ad1b",
    "https://deno.land/x/regexbuilder@1.6.3/regexbuilder/regex.ts": "299778fc9a67efd0ef420348493dc867092052bcb2ecbfaa916c5ffab3ce9772",
    "https://deno.land/x/regexbuilder@1.6.3/regexbuilder/regex_alternation_builder.ts": "f76dc210201667747691fa3a58bf184160d226917fa927dc4ed162922c24c050",
    "https://deno.land/x/regexbuilder@1.6.3/regexbuilder/regex_assertion_builder.ts": "6b356d1b68da8318209765b129a743e666fa9544be4f77f193a579b6bafda68e",
    "https://deno.land/x/regexbuilder@1.6.3/regexbuilder/regex_backreference_builder.ts": "8dfba4f82071cedf65056462e2c5655c47f7380ee9d37c778cd33c3e1e1c20bb",
    "https://deno.land/x/regexbuilder@1.6.3/regexbuilder/regex_builder.ts": "926883b7289a29fb56866abdaba7d8515b4f7ce54a30db197dc43e89e03403aa",
    "https://deno.land/x/regexbuilder@1.6.3/regexbuilder/regex_builder_base.ts": "bf16ceeff181a73b60f7e23f3fdad23a39d5615812447ec7d81a9cc24b49ecab",
    "https://deno.land/x/regexbuilder@1.6.3/regexbuilder/regex_character_class_builder.ts": "d56898bf92f5e83f8e0914f11d60e05531158b71467f93c98cc652653d690606",
    "https://deno.land/x/regexbuilder@1.6.3/regexbuilder/regex_flags_builder.ts": "011ba664e19e0a50937f69fd6f4348e1426d8a62ffd1190994df39d004529e0e",
    "https://deno.land/x/regexbuilder@1.6.3/regexbuilder/regex_group_builder.ts": "2676ab3311ed2301fd6960e3d327d7bfd93b7529ba21a28e299c84185ce7aa7b",
    "https://deno.land/x/regexbuilder@1.6.3/regexbuilder/regex_nest_builder.ts": "bd9477f629f8cbccc876ab5e5a6c36aa0f66852d03236d822c7a7eda938947fb",
    "https://deno.land/x/regexbuilder@1.6.3/regexbuilder/regex_part_builder.ts": "552c3d8d80dd8b55c282594827430f65c12779c2d89b57ce0a40adc6b2301f65",
    "https://deno.land/x/regexbuilder@1.6.3/regexbuilder/regex_quantifier_builder.ts": "32145e126511256ca2d416239026bd9e51cf20b101fd61a37e3007183e4f71dd",
    "https://deno.land/x/regexbuilder@1.6.3/regexbuilder/regex_range_builder.ts": "2fc8c1d2469d05fdb79ad31c2dea815d18eb4988f36847b718b38a0e2ac0cb34",
    "https://deno.land/x/regexbuilder@1.6.3/template-group-handler/template_string_handler.ts": "dd03872cd5ec1e09b89060721b6483ee8b073f402339a26f3a0ed2b360779631",
    "https://deno.land/x/regexbuilder@1.6.3/template-spec/template_specification.ts": "e22bbc16bf131944b9f05a5cc0ad04e98256e9cd5090caf54ca87b9c79ad3ee4",
    "https://deno.land/x/regexbuilder@1.6.3/utils/duplicates.ts": "990c10b57ccbfd79e76ab10ce3002107e1a092aa9bc0fdd263e847d7a8521933",
    "https://deno.land/x/regexbuilder@1.6.3/utils/mixin.ts": "53029681102881881246c792c306b0fef4afdcde9936e8f791d576dfac16e3d6",
    "https://deno.land/x/regexbuilder@1.6.3/utils/string_or_regexp.ts": "62d3f46b17bb1436a03d6685eb2a88e5412df1fa1cebcbfc5dda7590c94b1012",
    "https://deno.land/x/regexbuilder@1.6.3/utils/to_list.ts": "bc52188b32459d7d0a3299e11ce92eb69774f2821d067ab1bca7ada7d981d895"
  }
}
